
Microsoft Visual Studio Solution File, Format Version 12.00
# Visual Studio Version 16
VisualStudioVersion = 16.0.30717.126
MinimumVisualStudioVersion = 10.0.40219.1
Project("{FAE04EC0-301F-11D3-BF4B-00C04F79EFBC}") = "uygula1", "uygula1\uygula1.csproj", "{7DC179D4-6B2E-4F0F-83D6-FF619D944D1D}"
EndProject
Global
	GlobalSection(SolutionConfigurationPlatforms) = preSolution
		Debug|Any CPU = Debug|Any CPU
		Release|Any CPU = Release|Any CPU
	EndGlobalSection
	GlobalSection(ProjectConfigurationPlatforms) = postSolution
		{7DC179D4-6B2E-4F0F-83D6-FF619D944D1D}.Debug|Any CPU.ActiveCfg = Debug|Any CPU
		{7DC179D4-6B2E-4F0F-83D6-FF619D944D1D}.Debug|Any CPU.Build.0 = Debug|Any CPU
		{7DC179D4-6B2E-4F0F-83D6-FF619D944D1D}.Release|Any CPU.ActiveCfg = Release|Any CPU
		{7DC179D4-6B2E-4F0F-83D6-FF619D944D1D}.Release|Any CPU.Build.0 = Release|Any CPU
	EndGlobalSection
	GlobalSection(SolutionProperties) = preSolution
		HideSolutionNode = FALSE
	EndGlobalSection
	GlobalSection(ExtensibilityGlobals) = postSolution
		SolutionGuid = {7D04BB4C-2ACA-4F84-B637-DC7924533CF7}
	EndGlobalSection
EndGlobal
